
Microsoft Visual Studio Solution File, Format Version 12.00
# Visual Studio Version 17
VisualStudioVersion = 17.14.36518.9
MinimumVisualStudioVersion = 10.0.40219.1
Project("{FAE04EC0-301F-11D3-BF4B-00C04F79EFBC}") = "USTP_ArenaInterface", "USTP_ArenaInterfaceProject\USTP_ArenaInterface.csproj", "{ADC9A888-7F2E-488E-8005-4ECDBC7BF83B}"
EndProject
Global
	GlobalSection(SolutionConfigurationPlatforms) = preSolution
		Debug|Any CPU = Debug|Any CPU
		Release|Any CPU = Release|Any CPU
	EndGlobalSection
	GlobalSection(ProjectConfigurationPlatforms) = postSolution
		{ADC9A888-7F2E-488E-8005-4ECDBC7BF83B}.Debug|Any CPU.ActiveCfg = Debug|Any CPU
		{ADC9A888-7F2E-488E-8005-4ECDBC7BF83B}.Debug|Any CPU.Build.0 = Debug|Any CPU
		{ADC9A888-7F2E-488E-8005-4ECDBC7BF83B}.Release|Any CPU.ActiveCfg = Release|Any CPU
		{ADC9A888-7F2E-488E-8005-4ECDBC7BF83B}.Release|Any CPU.Build.0 = Release|Any CPU
	EndGlobalSection
	GlobalSection(SolutionProperties) = preSolution
		HideSolutionNode = FALSE
	EndGlobalSection
	GlobalSection(ExtensibilityGlobals) = postSolution
		SolutionGuid = {20C4360C-6AEA-4386-AE36-879DE53F02E6}
	EndGlobalSection
EndGlobal
